
Microsoft Visual Studio Solution File, Format Version 12.00
# Visual Studio Version 17
VisualStudioVersion = 17.12.35514.174 d17.12
MinimumVisualStudioVersion = 10.0.40219.1
Project("{FAE04EC0-301F-11D3-BF4B-00C04F79EFBC}") = "ExchnagesTransferStrategy", "ExchnagesTransferStrategy\ExchnagesTransferStrategy.csproj", "{46495EC6-B19E-47E4-9627-ED89281C434B}"
EndProject
Global
	GlobalSection(SolutionConfigurationPlatforms) = preSolution
		Debug|Any CPU = Debug|Any CPU
		Release|Any CPU = Release|Any CPU
	EndGlobalSection
	GlobalSection(ProjectConfigurationPlatforms) = postSolution
		{46495EC6-B19E-47E4-9627-ED89281C434B}.Debug|Any CPU.ActiveCfg = Debug|Any CPU
		{46495EC6-B19E-47E4-9627-ED89281C434B}.Debug|Any CPU.Build.0 = Debug|Any CPU
		{46495EC6-B19E-47E4-9627-ED89281C434B}.Release|Any CPU.ActiveCfg = Release|Any CPU
		{46495EC6-B19E-47E4-9627-ED89281C434B}.Release|Any CPU.Build.0 = Release|Any CPU
	EndGlobalSection
	GlobalSection(SolutionProperties) = preSolution
		HideSolutionNode = FALSE
	EndGlobalSection
EndGlobal
